
Microsoft Visual Studio Solution File, Format Version 12.00
# Visual Studio Version 17
VisualStudioVersion = 17.9.34310.174
MinimumVisualStudioVersion = 10.0.40219.1
Project("{2150E333-8FDC-42A3-9474-1A3956D46DE8}") = "Common Items", "Common Items", "{E8EE19AA-8A69-457E-95FE-D2E147F14C3C}"
	ProjectSection(SolutionItems) = preProject
		src\.editorconfig = src\.editorconfig
		.gitattributes = .gitattributes
		.gitignore = .gitignore
		src\Directory.Build.props = src\Directory.Build.props
		src\global.json = src\global.json
		LICENSE.txt = LICENSE.txt
		state names.md = state names.md
	EndProjectSection
EndProject
Project("{2150E333-8FDC-42A3-9474-1A3956D46DE8}") = "MES", "MES", "{854964E3-9C9F-4545-A045-3327CAB03F01}"
EndProject
Project("{9A19103F-16F7-4668-BE54-9A1E7A4F7556}") = "Xobex.Mes.Application", "src\Mes\Xobex.Mes.Application\Xobex.Mes.Application.csproj", "{68680F9A-606A-4AC7-A59A-C6B16B595D6B}"
EndProject
Project("{2150E333-8FDC-42A3-9474-1A3956D46DE8}") = "Samples", "Samples", "{AB4D51C0-BA12-487C-AD8A-C3D614F08A36}"
EndProject
Project("{9A19103F-16F7-4668-BE54-9A1E7A4F7556}") = "Xobex.Sample1", "src\Samples\Xobex.Sample1\Xobex.Sample1.csproj", "{CDD3FECE-9C45-4663-AEB4-C0819691BBF0}"
EndProject
Project("{2150E333-8FDC-42A3-9474-1A3956D46DE8}") = "Framework", "Framework", "{AA9227AF-0DFA-495D-933A-2518FFF84B04}"
EndProject
Project("{9A19103F-16F7-4668-BE54-9A1E7A4F7556}") = "EFCore.NamingConventions", "src\Framework\EFCore.NamingConventions\EFCore.NamingConventions.csproj", "{D0341409-96D0-465D-B3EC-B34A5C595F89}"
EndProject
Project("{9A19103F-16F7-4668-BE54-9A1E7A4F7556}") = "Xobex.Core", "src\Framework\Xobex.Core\Xobex.Core.csproj", "{11D8C1D7-3B04-45CF-8ED2-4E86C7D4775F}"
EndProject
Project("{9A19103F-16F7-4668-BE54-9A1E7A4F7556}") = "Xobex.Mediator", "src\Framework\Xobex.Mediator\Xobex.Mediator.csproj", "{3E48BDB8-51CD-45EF-A63C-1C659AC2A1F8}"
EndProject
Project("{2150E333-8FDC-42A3-9474-1A3956D46DE8}") = "Tools", "Tools", "{78DA48B8-9B8A-4F9B-A631-C61CA4C7BE92}"
EndProject
Project("{9A19103F-16F7-4668-BE54-9A1E7A4F7556}") = "XsdGen", "src\Tools\XsdGen\XsdGen.csproj", "{B83BB79C-B6A4-41F5-9A29-FA05C8ED249A}"
EndProject
Project("{9A19103F-16F7-4668-BE54-9A1E7A4F7556}") = "Xobex.Mediator.Benchmark", "src\Benchmarks\Xobex.Mediator.Benchmark\Xobex.Mediator.Benchmark.csproj", "{E2AFC975-B164-46AF-9399-6C85DA907BA9}"
EndProject
Project("{2150E333-8FDC-42A3-9474-1A3956D46DE8}") = "Benchmarks", "Benchmarks", "{6593BA26-D621-416B-9FF7-7853B983300B}"
EndProject
Project("{9A19103F-16F7-4668-BE54-9A1E7A4F7556}") = "Xobex.MediatR.Benckmark", "src\Benchmarks\Xobex.MediatR.Benckmark\Xobex.MediatR.Benckmark.csproj", "{8E283145-C39B-4442-BB4D-97C2C32F58F2}"
EndProject
Project("{9A19103F-16F7-4668-BE54-9A1E7A4F7556}") = "Xobex.Mes.Entities", "src\Mes\Xobex.Mes.Entities\Xobex.Mes.Entities.csproj", "{B324ACC6-761B-486A-BE0D-A103A85A0600}"
EndProject
Project("{9A19103F-16F7-4668-BE54-9A1E7A4F7556}") = "Xobex.Mes.Entities.Configuration", "src\Mes\Xobex.Mes.Entities.Configuration\Xobex.Mes.Entities.Configuration.csproj", "{83A0183B-E3E8-4C6B-8228-E89914AC9028}"
EndProject
Project("{9A19103F-16F7-4668-BE54-9A1E7A4F7556}") = "Xobex.Entities.Core.Configuration", "src\Framework\Xobex.Entities.Core.Configuration\Xobex.Entities.Core.Configuration.csproj", "{A623C10C-D559-4CD5-8D73-AB0F1B784CCF}"
EndProject
Project("{9A19103F-16F7-4668-BE54-9A1E7A4F7556}") = "Xobex.Data.Core", "src\Framework\Xobex.Data.Core\Xobex.Data.Core.csproj", "{0EBCCF9F-2518-408D-811D-8F1901A30A5F}"
EndProject
Project("{9A19103F-16F7-4668-BE54-9A1E7A4F7556}") = "Xobex.Entities.Core", "src\Framework\Xobex.Entities.Core\Xobex.Entities.Core.csproj", "{1CC6BE67-2F1D-4C23-AD27-ED2D78316C72}"
EndProject
Project("{9A19103F-16F7-4668-BE54-9A1E7A4F7556}") = "Xobex.Data.EntityFramework", "src\Framework\Xobex.Data.EntityFramework\Xobex.Data.EntityFramework.csproj", "{C3610BF9-5CE1-4250-B525-70C0E128491E}"
EndProject
Project("{2150E333-8FDC-42A3-9474-1A3956D46DE8}") = "Open Source", "Open Source", "{CED4420B-3865-43F2-AEF4-EA3D3AEE9921}"
EndProject
Project("{2150E333-8FDC-42A3-9474-1A3956D46DE8}") = "Web Components", "Web Components", "{B885B37D-810F-4210-869D-C30052DCAC5B}"
EndProject
Project("{FAE04EC0-301F-11D3-BF4B-00C04F79EFBC}") = "Xobex.Web.Components", "src\Components\Xobex.Web.Components\Xobex.Web.Components.csproj", "{7D5E2F95-0CED-4C06-BC0B-DFD84E5E795A}"
EndProject
Project("{54A90642-561A-4BB1-A94E-469ADEE60C69}") = "LeptonJS", "src\Components\LeptonJS\LeptonJS.esproj", "{E56F2924-6751-4594-9FC8-114C94796568}"
EndProject
Global
	GlobalSection(SolutionConfigurationPlatforms) = preSolution
		Debug|Any CPU = Debug|Any CPU
		Release|Any CPU = Release|Any CPU
	EndGlobalSection
	GlobalSection(ProjectConfigurationPlatforms) = postSolution
		{68680F9A-606A-4AC7-A59A-C6B16B595D6B}.Debug|Any CPU.ActiveCfg = Debug|Any CPU
		{68680F9A-606A-4AC7-A59A-C6B16B595D6B}.Debug|Any CPU.Build.0 = Debug|Any CPU
		{68680F9A-606A-4AC7-A59A-C6B16B595D6B}.Release|Any CPU.ActiveCfg = Release|Any CPU
		{68680F9A-606A-4AC7-A59A-C6B16B595D6B}.Release|Any CPU.Build.0 = Release|Any CPU
		{CDD3FECE-9C45-4663-AEB4-C0819691BBF0}.Debug|Any CPU.ActiveCfg = Debug|Any CPU
		{CDD3FECE-9C45-4663-AEB4-C0819691BBF0}.Debug|Any CPU.Build.0 = Debug|Any CPU
		{CDD3FECE-9C45-4663-AEB4-C0819691BBF0}.Release|Any CPU.ActiveCfg = Release|Any CPU
		{CDD3FECE-9C45-4663-AEB4-C0819691BBF0}.Release|Any CPU.Build.0 = Release|Any CPU
		{D0341409-96D0-465D-B3EC-B34A5C595F89}.Debug|Any CPU.ActiveCfg = Debug|Any CPU
		{D0341409-96D0-465D-B3EC-B34A5C595F89}.Debug|Any CPU.Build.0 = Debug|Any CPU
		{D0341409-96D0-465D-B3EC-B34A5C595F89}.Release|Any CPU.ActiveCfg = Release|Any CPU
		{D0341409-96D0-465D-B3EC-B34A5C595F89}.Release|Any CPU.Build.0 = Release|Any CPU
		{11D8C1D7-3B04-45CF-8ED2-4E86C7D4775F}.Debug|Any CPU.ActiveCfg = Debug|Any CPU
		{11D8C1D7-3B04-45CF-8ED2-4E86C7D4775F}.Debug|Any CPU.Build.0 = Debug|Any CPU
		{11D8C1D7-3B04-45CF-8ED2-4E86C7D4775F}.Release|Any CPU.ActiveCfg = Release|Any CPU
		{11D8C1D7-3B04-45CF-8ED2-4E86C7D4775F}.Release|Any CPU.Build.0 = Release|Any CPU
		{3E48BDB8-51CD-45EF-A63C-1C659AC2A1F8}.Debug|Any CPU.ActiveCfg = Debug|Any CPU
		{3E48BDB8-51CD-45EF-A63C-1C659AC2A1F8}.Debug|Any CPU.Build.0 = Debug|Any CPU
		{3E48BDB8-51CD-45EF-A63C-1C659AC2A1F8}.Release|Any CPU.ActiveCfg = Release|Any CPU
		{3E48BDB8-51CD-45EF-A63C-1C659AC2A1F8}.Release|Any CPU.Build.0 = Release|Any CPU
		{B83BB79C-B6A4-41F5-9A29-FA05C8ED249A}.Debug|Any CPU.ActiveCfg = Debug|Any CPU
		{B83BB79C-B6A4-41F5-9A29-FA05C8ED249A}.Debug|Any CPU.Build.0 = Debug|Any CPU
		{B83BB79C-B6A4-41F5-9A29-FA05C8ED249A}.Release|Any CPU.ActiveCfg = Release|Any CPU
		{B83BB79C-B6A4-41F5-9A29-FA05C8ED249A}.Release|Any CPU.Build.0 = Release|Any CPU
		{E2AFC975-B164-46AF-9399-6C85DA907BA9}.Debug|Any CPU.ActiveCfg = Debug|Any CPU
		{E2AFC975-B164-46AF-9399-6C85DA907BA9}.Debug|Any CPU.Build.0 = Debug|Any CPU
		{E2AFC975-B164-46AF-9399-6C85DA907BA9}.Release|Any CPU.ActiveCfg = Release|Any CPU
		{E2AFC975-B164-46AF-9399-6C85DA907BA9}.Release|Any CPU.Build.0 = Release|Any CPU
		{8E283145-C39B-4442-BB4D-97C2C32F58F2}.Debug|Any CPU.ActiveCfg = Debug|Any CPU
		{8E283145-C39B-4442-BB4D-97C2C32F58F2}.Debug|Any CPU.Build.0 = Debug|Any CPU
		{8E283145-C39B-4442-BB4D-97C2C32F58F2}.Release|Any CPU.ActiveCfg = Release|Any CPU
		{8E283145-C39B-4442-BB4D-97C2C32F58F2}.Release|Any CPU.Build.0 = Release|Any CPU
		{B324ACC6-761B-486A-BE0D-A103A85A0600}.Debug|Any CPU.ActiveCfg = Debug|Any CPU
		{B324ACC6-761B-486A-BE0D-A103A85A0600}.Debug|Any CPU.Build.0 = Debug|Any CPU
		{B324ACC6-761B-486A-BE0D-A103A85A0600}.Release|Any CPU.ActiveCfg = Release|Any CPU
		{B324ACC6-761B-486A-BE0D-A103A85A0600}.Release|Any CPU.Build.0 = Release|Any CPU
		{83A0183B-E3E8-4C6B-8228-E89914AC9028}.Debug|Any CPU.ActiveCfg = Debug|Any CPU
		{83A0183B-E3E8-4C6B-8228-E89914AC9028}.Debug|Any CPU.Build.0 = Debug|Any CPU
		{83A0183B-E3E8-4C6B-8228-E89914AC9028}.Release|Any CPU.ActiveCfg = Release|Any CPU
		{83A0183B-E3E8-4C6B-8228-E89914AC9028}.Release|Any CPU.Build.0 = Release|Any CPU
		{A623C10C-D559-4CD5-8D73-AB0F1B784CCF}.Debug|Any CPU.ActiveCfg = Debug|Any CPU
		{A623C10C-D559-4CD5-8D73-AB0F1B784CCF}.Debug|Any CPU.Build.0 = Debug|Any CPU
		{A623C10C-D559-4CD5-8D73-AB0F1B784CCF}.Release|Any CPU.ActiveCfg = Release|Any CPU
		{A623C10C-D559-4CD5-8D73-AB0F1B784CCF}.Release|Any CPU.Build.0 = Release|Any CPU
		{0EBCCF9F-2518-408D-811D-8F1901A30A5F}.Debug|Any CPU.ActiveCfg = Debug|Any CPU
		{0EBCCF9F-2518-408D-811D-8F1901A30A5F}.Debug|Any CPU.Build.0 = Debug|Any CPU
		{0EBCCF9F-2518-408D-811D-8F1901A30A5F}.Release|Any CPU.ActiveCfg = Release|Any CPU
		{0EBCCF9F-2518-408D-811D-8F1901A30A5F}.Release|Any CPU.Build.0 = Release|Any CPU
		{1CC6BE67-2F1D-4C23-AD27-ED2D78316C72}.Debug|Any CPU.ActiveCfg = Debug|Any CPU
		{1CC6BE67-2F1D-4C23-AD27-ED2D78316C72}.Debug|Any CPU.Build.0 = Debug|Any CPU
		{1CC6BE67-2F1D-4C23-AD27-ED2D78316C72}.Release|Any CPU.ActiveCfg = Release|Any CPU
		{1CC6BE67-2F1D-4C23-AD27-ED2D78316C72}.Release|Any CPU.Build.0 = Release|Any CPU
		{C3610BF9-5CE1-4250-B525-70C0E128491E}.Debug|Any CPU.ActiveCfg = Debug|Any CPU
		{C3610BF9-5CE1-4250-B525-70C0E128491E}.Debug|Any CPU.Build.0 = Debug|Any CPU
		{C3610BF9-5CE1-4250-B525-70C0E128491E}.Release|Any CPU.ActiveCfg = Release|Any CPU
		{C3610BF9-5CE1-4250-B525-70C0E128491E}.Release|Any CPU.Build.0 = Release|Any CPU
		{7D5E2F95-0CED-4C06-BC0B-DFD84E5E795A}.Debug|Any CPU.ActiveCfg = Debug|Any CPU
		{7D5E2F95-0CED-4C06-BC0B-DFD84E5E795A}.Debug|Any CPU.Build.0 = Debug|Any CPU
		{7D5E2F95-0CED-4C06-BC0B-DFD84E5E795A}.Release|Any CPU.ActiveCfg = Release|Any CPU
		{7D5E2F95-0CED-4C06-BC0B-DFD84E5E795A}.Release|Any CPU.Build.0 = Release|Any CPU
		{E56F2924-6751-4594-9FC8-114C94796568}.Debug|Any CPU.ActiveCfg = Debug|Any CPU
		{E56F2924-6751-4594-9FC8-114C94796568}.Debug|Any CPU.Build.0 = Debug|Any CPU
		{E56F2924-6751-4594-9FC8-114C94796568}.Debug|Any CPU.Deploy.0 = Debug|Any CPU
		{E56F2924-6751-4594-9FC8-114C94796568}.Release|Any CPU.ActiveCfg = Release|Any CPU
		{E56F2924-6751-4594-9FC8-114C94796568}.Release|Any CPU.Build.0 = Release|Any CPU
		{E56F2924-6751-4594-9FC8-114C94796568}.Release|Any CPU.Deploy.0 = Release|Any CPU
	EndGlobalSection
	GlobalSection(SolutionProperties) = preSolution
		HideSolutionNode = FALSE
	EndGlobalSection
	GlobalSection(NestedProjects) = preSolution
		{68680F9A-606A-4AC7-A59A-C6B16B595D6B} = {854964E3-9C9F-4545-A045-3327CAB03F01}
		{CDD3FECE-9C45-4663-AEB4-C0819691BBF0} = {AB4D51C0-BA12-487C-AD8A-C3D614F08A36}
		{D0341409-96D0-465D-B3EC-B34A5C595F89} = {CED4420B-3865-43F2-AEF4-EA3D3AEE9921}
		{11D8C1D7-3B04-45CF-8ED2-4E86C7D4775F} = {AA9227AF-0DFA-495D-933A-2518FFF84B04}
		{3E48BDB8-51CD-45EF-A63C-1C659AC2A1F8} = {AA9227AF-0DFA-495D-933A-2518FFF84B04}
		{B83BB79C-B6A4-41F5-9A29-FA05C8ED249A} = {78DA48B8-9B8A-4F9B-A631-C61CA4C7BE92}
		{E2AFC975-B164-46AF-9399-6C85DA907BA9} = {6593BA26-D621-416B-9FF7-7853B983300B}
		{8E283145-C39B-4442-BB4D-97C2C32F58F2} = {6593BA26-D621-416B-9FF7-7853B983300B}
		{B324ACC6-761B-486A-BE0D-A103A85A0600} = {854964E3-9C9F-4545-A045-3327CAB03F01}
		{83A0183B-E3E8-4C6B-8228-E89914AC9028} = {854964E3-9C9F-4545-A045-3327CAB03F01}
		{A623C10C-D559-4CD5-8D73-AB0F1B784CCF} = {AA9227AF-0DFA-495D-933A-2518FFF84B04}
		{0EBCCF9F-2518-408D-811D-8F1901A30A5F} = {AA9227AF-0DFA-495D-933A-2518FFF84B04}
		{1CC6BE67-2F1D-4C23-AD27-ED2D78316C72} = {AA9227AF-0DFA-495D-933A-2518FFF84B04}
		{C3610BF9-5CE1-4250-B525-70C0E128491E} = {AA9227AF-0DFA-495D-933A-2518FFF84B04}
		{7D5E2F95-0CED-4C06-BC0B-DFD84E5E795A} = {B885B37D-810F-4210-869D-C30052DCAC5B}
		{E56F2924-6751-4594-9FC8-114C94796568} = {B885B37D-810F-4210-869D-C30052DCAC5B}
	EndGlobalSection
	GlobalSection(ExtensibilityGlobals) = postSolution
		SolutionGuid = {3D055D17-30FF-4FA3-B49C-A68B1C8FF3A5}
	EndGlobalSection
EndGlobal
